// !$*UTF8*$!
{
	archiveVersion = 1;
	classes = {
	};
	objectVersion = 51;
	objects = {

/* Begin PBXBuildFile section */
		B533A3971AC9B91BD8A5405A /* Pods_ColorKit.framework in Frameworks */ = {isa = PBXBuildFile; fileRef = 56BD20C9CBDAEDC19A0D8BD9 /* Pods_ColorKit.framework */; };
		DE83994C25F2745700847B0C /* AppDelegate.swift in Sources */ = {isa = PBXBuildFile; fileRef = DE83994B25F2745700847B0C /* AppDelegate.swift */; };
		DE83995025F2745700847B0C /* PhotoLibraryController.swift in Sources */ = {isa = PBXBuildFile; fileRef = DE83994F25F2745700847B0C /* PhotoLibraryController.swift */; };
		DE83995525F2745900847B0C /* Assets.xcassets in Resources */ = {isa = PBXBuildFile; fileRef = DE83995425F2745900847B0C /* Assets.xcassets */; };
		DE83995825F2745900847B0C /* LaunchScreen.storyboard in Resources */ = {isa = PBXBuildFile; fileRef = DE83995625F2745900847B0C /* LaunchScreen.storyboard */; };
		DE83997825F27E1F00847B0C /* PhotoLibraryModel.swift in Sources */ = {isa = PBXBuildFile; fileRef = DE83997725F27E1F00847B0C /* PhotoLibraryModel.swift */; };
		DEDF3D6B25F41A0500F3A34F /* Images.swift in Sources */ = {isa = PBXBuildFile; fileRef = DEDF3D6A25F41A0500F3A34F /* Images.swift */; };
		DEDF3D6E25F41A7500F3A34F /* Localization.swift in Sources */ = {isa = PBXBuildFile; fileRef = DEDF3D6D25F41A7500F3A34F /* Localization.swift */; };
		DEDF3D7125F41D5000F3A34F /* Fillable.swift in Sources */ = {isa = PBXBuildFile; fileRef = DEDF3D7025F41D5000F3A34F /* Fillable.swift */; };
		DEDF3D7725F4216900F3A34F /* Optional.swift in Sources */ = {isa = PBXBuildFile; fileRef = DEDF3D7625F4216900F3A34F /* Optional.swift */; };
		DEDF3D7B25F4B1B700F3A34F /* PhotoRepository.swift in Sources */ = {isa = PBXBuildFile; fileRef = DEDF3D7A25F4B1B700F3A34F /* PhotoRepository.swift */; };
		DEDF3D7E25F4B20300F3A34F /* MockService.swift in Sources */ = {isa = PBXBuildFile; fileRef = DEDF3D7D25F4B20300F3A34F /* MockService.swift */; };
		DEE1E02825F27FA100B0129B /* PhotoPreviewCell.swift in Sources */ = {isa = PBXBuildFile; fileRef = DEE1E02725F27FA100B0129B /* PhotoPreviewCell.swift */; };
		DEE1E02D25F27FF600B0129B /* Array.swift in Sources */ = {isa = PBXBuildFile; fileRef = DEE1E02C25F27FF600B0129B /* Array.swift */; };
		DEE1E03125F2800300B0129B /* CollectionView.swift in Sources */ = {isa = PBXBuildFile; fileRef = DEE1E03025F2800300B0129B /* CollectionView.swift */; };
		DEE1E03A25F38EAB00B0129B /* SizeAnimatableView.swift in Sources */ = {isa = PBXBuildFile; fileRef = DEE1E03925F38EAB00B0129B /* SizeAnimatableView.swift */; };
		DEECF5EB25F3AA7100001569 /* View.swift in Sources */ = {isa = PBXBuildFile; fileRef = DEECF5EA25F3AA7100001569 /* View.swift */; };
		DEECF5EF25F3AAB800001569 /* Presenter.swift in Sources */ = {isa = PBXBuildFile; fileRef = DEECF5EE25F3AAB800001569 /* Presenter.swift */; };
		DEECF5F225F3ABB400001569 /* Router.swift in Sources */ = {isa = PBXBuildFile; fileRef = DEECF5F125F3ABB400001569 /* Router.swift */; };
		DEECF5F725F3AEE600001569 /* Flow.swift in Sources */ = {isa = PBXBuildFile; fileRef = DEECF5F625F3AEE600001569 /* Flow.swift */; };
		DEECF5FB25F3AF0600001569 /* FlowHolder.swift in Sources */ = {isa = PBXBuildFile; fileRef = DEECF5FA25F3AF0600001569 /* FlowHolder.swift */; };
		DEECF5FE25F3AFE900001569 /* Coordinator.swift in Sources */ = {isa = PBXBuildFile; fileRef = DEECF5FD25F3AFE900001569 /* Coordinator.swift */; };
		DEECF60125F3B0AC00001569 /* FlowNavigationController.swift in Sources */ = {isa = PBXBuildFile; fileRef = DEECF60025F3B0AC00001569 /* FlowNavigationController.swift */; };
		DEECF60525F3B1B000001569 /* Dependencies.swift in Sources */ = {isa = PBXBuildFile; fileRef = DEECF60425F3B1B000001569 /* Dependencies.swift */; };
		DEECF60925F3B1C100001569 /* DependenciesImpl.swift in Sources */ = {isa = PBXBuildFile; fileRef = DEECF60825F3B1C100001569 /* DependenciesImpl.swift */; };
		DEECF60F25F3B33900001569 /* ModuleFactory.swift in Sources */ = {isa = PBXBuildFile; fileRef = DEECF60E25F3B33900001569 /* ModuleFactory.swift */; };
		DEECF61325F3B35C00001569 /* ModuleFactoryImpl.swift in Sources */ = {isa = PBXBuildFile; fileRef = DEECF61225F3B35C00001569 /* ModuleFactoryImpl.swift */; };
		DEECF61625F3B3E800001569 /* PhotoLibraryModule.swift in Sources */ = {isa = PBXBuildFile; fileRef = DEECF61525F3B3E800001569 /* PhotoLibraryModule.swift */; };
		DEECF61925F3B6D700001569 /* PhotoLibraryPresenterImpl.swift in Sources */ = {isa = PBXBuildFile; fileRef = DEECF61825F3B6D700001569 /* PhotoLibraryPresenterImpl.swift */; };
		DEF549BA25F3BBEC00E47918 /* MainFlow.swift in Sources */ = {isa = PBXBuildFile; fileRef = DEF549B925F3BBEC00E47918 /* MainFlow.swift */; };
		DEF549BE25F3BC3900E47918 /* MainFlowNavigationController.swift in Sources */ = {isa = PBXBuildFile; fileRef = DEF549BD25F3BC3900E47918 /* MainFlowNavigationController.swift */; };
		DEF549C125F3BC7B00E47918 /* MainFlowCoordinator.swift in Sources */ = {isa = PBXBuildFile; fileRef = DEF549C025F3BC7B00E47918 /* MainFlowCoordinator.swift */; };
		DEF549C425F3BCE000E47918 /* FlowFactory.swift in Sources */ = {isa = PBXBuildFile; fileRef = DEF549C325F3BCE000E47918 /* FlowFactory.swift */; };
		DEF549C725F3BCFA00E47918 /* FlowFactoryImpl.swift in Sources */ = {isa = PBXBuildFile; fileRef = DEF549C625F3BCFA00E47918 /* FlowFactoryImpl.swift */; };
/* End PBXBuildFile section */

/* Begin PBXFileReference section */
		56BD20C9CBDAEDC19A0D8BD9 /* Pods_ColorKit.framework */ = {isa = PBXFileReference; explicitFileType = wrapper.framework; includeInIndex = 0; path = Pods_ColorKit.framework; sourceTree = BUILT_PRODUCTS_DIR; };
		5DE62A7FCC5CBFA86E938296 /* Pods-ColorKit.debug.xcconfig */ = {isa = PBXFileReference; includeInIndex = 1; lastKnownFileType = text.xcconfig; name = "Pods-ColorKit.debug.xcconfig"; path = "Target Support Files/Pods-ColorKit/Pods-ColorKit.debug.xcconfig"; sourceTree = "<group>"; };
		DE83994825F2745700847B0C /* ColorKit.app */ = {isa = PBXFileReference; explicitFileType = wrapper.application; includeInIndex = 0; path = ColorKit.app; sourceTree = BUILT_PRODUCTS_DIR; };
		DE83994B25F2745700847B0C /* AppDelegate.swift */ = {isa = PBXFileReference; lastKnownFileType = sourcecode.swift; path = AppDelegate.swift; sourceTree = "<group>"; };
		DE83994F25F2745700847B0C /* PhotoLibraryController.swift */ = {isa = PBXFileReference; lastKnownFileType = sourcecode.swift; path = PhotoLibraryController.swift; sourceTree = "<group>"; };
		DE83995425F2745900847B0C /* Assets.xcassets */ = {isa = PBXFileReference; lastKnownFileType = folder.assetcatalog; path = Assets.xcassets; sourceTree = "<group>"; };
		DE83995725F2745900847B0C /* Base */ = {isa = PBXFileReference; lastKnownFileType = file.storyboard; name = Base; path = Base.lproj/LaunchScreen.storyboard; sourceTree = "<group>"; };
		DE83995925F2745900847B0C /* Info.plist */ = {isa = PBXFileReference; lastKnownFileType = text.plist.xml; path = Info.plist; sourceTree = "<group>"; };
		DE83997725F27E1F00847B0C /* PhotoLibraryModel.swift */ = {isa = PBXFileReference; lastKnownFileType = sourcecode.swift; path = PhotoLibraryModel.swift; sourceTree = "<group>"; };
		DEDF3D6A25F41A0500F3A34F /* Images.swift */ = {isa = PBXFileReference; lastKnownFileType = sourcecode.swift; path = Images.swift; sourceTree = "<group>"; };
		DEDF3D6D25F41A7500F3A34F /* Localization.swift */ = {isa = PBXFileReference; lastKnownFileType = sourcecode.swift; path = Localization.swift; sourceTree = "<group>"; };
		DEDF3D7025F41D5000F3A34F /* Fillable.swift */ = {isa = PBXFileReference; lastKnownFileType = sourcecode.swift; path = Fillable.swift; sourceTree = "<group>"; };
		DEDF3D7625F4216900F3A34F /* Optional.swift */ = {isa = PBXFileReference; lastKnownFileType = sourcecode.swift; path = Optional.swift; sourceTree = "<group>"; };
		DEDF3D7A25F4B1B700F3A34F /* PhotoRepository.swift */ = {isa = PBXFileReference; lastKnownFileType = sourcecode.swift; path = PhotoRepository.swift; sourceTree = "<group>"; };
		DEDF3D7D25F4B20300F3A34F /* MockService.swift */ = {isa = PBXFileReference; lastKnownFileType = sourcecode.swift; path = MockService.swift; sourceTree = "<group>"; };
		DEE1E02725F27FA100B0129B /* PhotoPreviewCell.swift */ = {isa = PBXFileReference; lastKnownFileType = sourcecode.swift; path = PhotoPreviewCell.swift; sourceTree = "<group>"; };
		DEE1E02C25F27FF600B0129B /* Array.swift */ = {isa = PBXFileReference; lastKnownFileType = sourcecode.swift; path = Array.swift; sourceTree = "<group>"; };
		DEE1E03025F2800300B0129B /* CollectionView.swift */ = {isa = PBXFileReference; lastKnownFileType = sourcecode.swift; path = CollectionView.swift; sourceTree = "<group>"; };
		DEE1E03925F38EAB00B0129B /* SizeAnimatableView.swift */ = {isa = PBXFileReference; lastKnownFileType = sourcecode.swift; path = SizeAnimatableView.swift; sourceTree = "<group>"; };
		DEECF5EA25F3AA7100001569 /* View.swift */ = {isa = PBXFileReference; lastKnownFileType = sourcecode.swift; path = View.swift; sourceTree = "<group>"; };
		DEECF5EE25F3AAB800001569 /* Presenter.swift */ = {isa = PBXFileReference; lastKnownFileType = sourcecode.swift; path = Presenter.swift; sourceTree = "<group>"; };
		DEECF5F125F3ABB400001569 /* Router.swift */ = {isa = PBXFileReference; lastKnownFileType = sourcecode.swift; path = Router.swift; sourceTree = "<group>"; };
		DEECF5F625F3AEE600001569 /* Flow.swift */ = {isa = PBXFileReference; lastKnownFileType = sourcecode.swift; path = Flow.swift; sourceTree = "<group>"; };
		DEECF5FA25F3AF0600001569 /* FlowHolder.swift */ = {isa = PBXFileReference; lastKnownFileType = sourcecode.swift; path = FlowHolder.swift; sourceTree = "<group>"; };
		DEECF5FD25F3AFE900001569 /* Coordinator.swift */ = {isa = PBXFileReference; lastKnownFileType = sourcecode.swift; path = Coordinator.swift; sourceTree = "<group>"; };
		DEECF60025F3B0AC00001569 /* FlowNavigationController.swift */ = {isa = PBXFileReference; lastKnownFileType = sourcecode.swift; path = FlowNavigationController.swift; sourceTree = "<group>"; };
		DEECF60425F3B1B000001569 /* Dependencies.swift */ = {isa = PBXFileReference; lastKnownFileType = sourcecode.swift; path = Dependencies.swift; sourceTree = "<group>"; };
		DEECF60825F3B1C100001569 /* DependenciesImpl.swift */ = {isa = PBXFileReference; lastKnownFileType = sourcecode.swift; path = DependenciesImpl.swift; sourceTree = "<group>"; };
		DEECF60E25F3B33900001569 /* ModuleFactory.swift */ = {isa = PBXFileReference; lastKnownFileType = sourcecode.swift; path = ModuleFactory.swift; sourceTree = "<group>"; };
		DEECF61225F3B35C00001569 /* ModuleFactoryImpl.swift */ = {isa = PBXFileReference; lastKnownFileType = sourcecode.swift; path = ModuleFactoryImpl.swift; sourceTree = "<group>"; };
		DEECF61525F3B3E800001569 /* PhotoLibraryModule.swift */ = {isa = PBXFileReference; lastKnownFileType = sourcecode.swift; path = PhotoLibraryModule.swift; sourceTree = "<group>"; };
		DEECF61825F3B6D700001569 /* PhotoLibraryPresenterImpl.swift */ = {isa = PBXFileReference; lastKnownFileType = sourcecode.swift; path = PhotoLibraryPresenterImpl.swift; sourceTree = "<group>"; };
		DEF549B925F3BBEC00E47918 /* MainFlow.swift */ = {isa = PBXFileReference; lastKnownFileType = sourcecode.swift; path = MainFlow.swift; sourceTree = "<group>"; };
		DEF549BD25F3BC3900E47918 /* MainFlowNavigationController.swift */ = {isa = PBXFileReference; lastKnownFileType = sourcecode.swift; path = MainFlowNavigationController.swift; sourceTree = "<group>"; };
		DEF549C025F3BC7B00E47918 /* MainFlowCoordinator.swift */ = {isa = PBXFileReference; lastKnownFileType = sourcecode.swift; path = MainFlowCoordinator.swift; sourceTree = "<group>"; };
		DEF549C325F3BCE000E47918 /* FlowFactory.swift */ = {isa = PBXFileReference; lastKnownFileType = sourcecode.swift; path = FlowFactory.swift; sourceTree = "<group>"; };
		DEF549C625F3BCFA00E47918 /* FlowFactoryImpl.swift */ = {isa = PBXFileReference; lastKnownFileType = sourcecode.swift; path = FlowFactoryImpl.swift; sourceTree = "<group>"; };
		E949924C8D2174DD79079545 /* Pods-ColorKit.release.xcconfig */ = {isa = PBXFileReference; includeInIndex = 1; lastKnownFileType = text.xcconfig; name = "Pods-ColorKit.release.xcconfig"; path = "Target Support Files/Pods-ColorKit/Pods-ColorKit.release.xcconfig"; sourceTree = "<group>"; };
/* End PBXFileReference section */

/* Begin PBXFrameworksBuildPhase section */
		DE83994525F2745700847B0C /* Frameworks */ = {
			isa = PBXFrameworksBuildPhase;
			buildActionMask = 2147483647;
			files = (
				B533A3971AC9B91BD8A5405A /* Pods_ColorKit.framework in Frameworks */,
			);
			runOnlyForDeploymentPostprocessing = 0;
		};
/* End PBXFrameworksBuildPhase section */

/* Begin PBXGroup section */
		5EFF2FD875C0C0DDB488D26D /* Frameworks */ = {
			isa = PBXGroup;
			children = (
				56BD20C9CBDAEDC19A0D8BD9 /* Pods_ColorKit.framework */,
			);
			name = Frameworks;
			sourceTree = "<group>";
		};
		C30FFDF46441F76835664D6B /* Pods */ = {
			isa = PBXGroup;
			children = (
				5DE62A7FCC5CBFA86E938296 /* Pods-ColorKit.debug.xcconfig */,
				E949924C8D2174DD79079545 /* Pods-ColorKit.release.xcconfig */,
			);
			path = Pods;
			sourceTree = "<group>";
		};
		DE83993F25F2745700847B0C = {
			isa = PBXGroup;
			children = (
				DE83994A25F2745700847B0C /* ColorKit */,
				DE83994925F2745700847B0C /* Products */,
				C30FFDF46441F76835664D6B /* Pods */,
				5EFF2FD875C0C0DDB488D26D /* Frameworks */,
			);
			sourceTree = "<group>";
		};
		DE83994925F2745700847B0C /* Products */ = {
			isa = PBXGroup;
			children = (
				DE83994825F2745700847B0C /* ColorKit.app */,
			);
			name = Products;
			sourceTree = "<group>";
		};
		DE83994A25F2745700847B0C /* ColorKit */ = {
			isa = PBXGroup;
			children = (
				DE83996825F2762000847B0C /* Root */,
				DEECF60325F3B18900001569 /* Dependencies */,
				DEECF60B25F3B21100001569 /* Modules */,
				DEECF60D25F3B31500001569 /* Factories */,
				DEF549B725F3BBBB00E47918 /* FlowCoordinators */,
				DEF549CB25F3C88900E47918 /* Services */,
				DEF549CD25F3C8BB00E47918 /* Models */,
				DEF549CE25F3C8C900E47918 /* CommonViews */,
				DEE1E02B25F27FE400B0129B /* Extensions */,
				DEDF3D6925F419E800F3A34F /* Resources */,
				DE83995625F2745900847B0C /* LaunchScreen.storyboard */,
				DE83995925F2745900847B0C /* Info.plist */,
			);
			path = ColorKit;
			sourceTree = "<group>";
		};
		DE83996825F2762000847B0C /* Root */ = {
			isa = PBXGroup;
			children = (
				DE83994B25F2745700847B0C /* AppDelegate.swift */,
				DEECF5E125F3A97D00001569 /* Module */,
				DEECF5F425F3AEB200001569 /* FlowCoordinator */,
			);
			path = Root;
			sourceTree = "<group>";
		};
		DE83997225F27C0E00847B0C /* PhotoLibrary */ = {
			isa = PBXGroup;
			children = (
				DEECF61525F3B3E800001569 /* PhotoLibraryModule.swift */,
				DE83997725F27E1F00847B0C /* PhotoLibraryModel.swift */,
				DEB5760C25F4179B00C9B7EF /* Implementation */,
				DEC1C97F25F3CE8200A8AC7E /* Views */,
			);
			path = PhotoLibrary;
			sourceTree = "<group>";
		};
		DEB5760C25F4179B00C9B7EF /* Implementation */ = {
			isa = PBXGroup;
			children = (
				DE83994F25F2745700847B0C /* PhotoLibraryController.swift */,
				DEECF61825F3B6D700001569 /* PhotoLibraryPresenterImpl.swift */,
			);
			path = Implementation;
			sourceTree = "<group>";
		};
		DEC1C97F25F3CE8200A8AC7E /* Views */ = {
			isa = PBXGroup;
			children = (
				DEE1E02725F27FA100B0129B /* PhotoPreviewCell.swift */,
			);
			path = Views;
			sourceTree = "<group>";
		};
		DEDF3D6925F419E800F3A34F /* Resources */ = {
			isa = PBXGroup;
			children = (
				DE83995425F2745900847B0C /* Assets.xcassets */,
				DEDF3D6A25F41A0500F3A34F /* Images.swift */,
				DEDF3D6D25F41A7500F3A34F /* Localization.swift */,
			);
			path = Resources;
			sourceTree = "<group>";
		};
		DEDF3D7325F41D9300F3A34F /* Protocols */ = {
			isa = PBXGroup;
			children = (
				DEDF3D7025F41D5000F3A34F /* Fillable.swift */,
				DEE1E03925F38EAB00B0129B /* SizeAnimatableView.swift */,
			);
			path = Protocols;
			sourceTree = "<group>";
		};
		DEE1E02B25F27FE400B0129B /* Extensions */ = {
			isa = PBXGroup;
			children = (
				DEE1E02C25F27FF600B0129B /* Array.swift */,
				DEE1E03025F2800300B0129B /* CollectionView.swift */,
				DEDF3D7625F4216900F3A34F /* Optional.swift */,
			);
			path = Extensions;
			sourceTree = "<group>";
		};
		DEECF5E125F3A97D00001569 /* Module */ = {
			isa = PBXGroup;
			children = (
				DEECF5EA25F3AA7100001569 /* View.swift */,
				DEECF5EE25F3AAB800001569 /* Presenter.swift */,
				DEECF5F125F3ABB400001569 /* Router.swift */,
			);
			path = Module;
			sourceTree = "<group>";
		};
		DEECF5F425F3AEB200001569 /* FlowCoordinator */ = {
			isa = PBXGroup;
			children = (
				DEECF5FD25F3AFE900001569 /* Coordinator.swift */,
				DEECF5FA25F3AF0600001569 /* FlowHolder.swift */,
				DEECF5F625F3AEE600001569 /* Flow.swift */,
				DEECF5F525F3AEC100001569 /* Views */,
			);
			path = FlowCoordinator;
			sourceTree = "<group>";
		};
		DEECF5F525F3AEC100001569 /* Views */ = {
			isa = PBXGroup;
			children = (
				DEECF60025F3B0AC00001569 /* FlowNavigationController.swift */,
			);
			path = Views;
			sourceTree = "<group>";
		};
		DEECF60325F3B18900001569 /* Dependencies */ = {
			isa = PBXGroup;
			children = (
				DEECF60425F3B1B000001569 /* Dependencies.swift */,
				DEECF60825F3B1C100001569 /* DependenciesImpl.swift */,
			);
			path = Dependencies;
			sourceTree = "<group>";
		};
		DEECF60B25F3B21100001569 /* Modules */ = {
			isa = PBXGroup;
			children = (
				DE83997225F27C0E00847B0C /* PhotoLibrary */,
			);
			path = Modules;
			sourceTree = "<group>";
		};
		DEECF60D25F3B31500001569 /* Factories */ = {
			isa = PBXGroup;
			children = (
				DEECF60E25F3B33900001569 /* ModuleFactory.swift */,
				DEECF61225F3B35C00001569 /* ModuleFactoryImpl.swift */,
				DEF549C325F3BCE000E47918 /* FlowFactory.swift */,
				DEF549C625F3BCFA00E47918 /* FlowFactoryImpl.swift */,
			);
			path = Factories;
			sourceTree = "<group>";
		};
		DEF549B725F3BBBB00E47918 /* FlowCoordinators */ = {
			isa = PBXGroup;
			children = (
				DEF549B825F3BBD000E47918 /* Main */,
			);
			path = FlowCoordinators;
			sourceTree = "<group>";
		};
		DEF549B825F3BBD000E47918 /* Main */ = {
			isa = PBXGroup;
			children = (
				DEF549C025F3BC7B00E47918 /* MainFlowCoordinator.swift */,
				DEF549B925F3BBEC00E47918 /* MainFlow.swift */,
				DEF549BD25F3BC3900E47918 /* MainFlowNavigationController.swift */,
			);
			path = Main;
			sourceTree = "<group>";
		};
		DEF549CB25F3C88900E47918 /* Services */ = {
			isa = PBXGroup;
			children = (
				DEDF3D7A25F4B1B700F3A34F /* PhotoRepository.swift */,
				DEDF3D7D25F4B20300F3A34F /* MockService.swift */,
			);
			path = Services;
			sourceTree = "<group>";
		};
		DEF549CD25F3C8BB00E47918 /* Models */ = {
			isa = PBXGroup;
			children = (
			);
			path = Models;
			sourceTree = "<group>";
		};
		DEF549CE25F3C8C900E47918 /* CommonViews */ = {
			isa = PBXGroup;
			children = (
				DEDF3D7325F41D9300F3A34F /* Protocols */,
			);
			path = CommonViews;
			sourceTree = "<group>";
		};
/* End PBXGroup section */

/* Begin PBXNativeTarget section */
		DE83994725F2745700847B0C /* ColorKit */ = {
			isa = PBXNativeTarget;
			buildConfigurationList = DE83995C25F2745900847B0C /* Build configuration list for PBXNativeTarget "ColorKit" */;
			buildPhases = (
				DEC387FD25F3DC5B001DD684 /* Run Script */,
				94449EA993A63CA2968AA390 /* [CP] Check Pods Manifest.lock */,
				DE83994425F2745700847B0C /* Sources */,
				DE83994525F2745700847B0C /* Frameworks */,
				DE83994625F2745700847B0C /* Resources */,
				CA8E7F1D3407B1F99CA458CC /* [CP] Embed Pods Frameworks */,
			);
			buildRules = (
			);
			dependencies = (
			);
			name = ColorKit;
			productName = ColorKit;
			productReference = DE83994825F2745700847B0C /* ColorKit.app */;
			productType = "com.apple.product-type.application";
		};
/* End PBXNativeTarget section */

/* Begin PBXProject section */
		DE83994025F2745700847B0C /* Project object */ = {
			isa = PBXProject;
			attributes = {
				LastSwiftUpdateCheck = 1240;
				LastUpgradeCheck = 1240;
				TargetAttributes = {
					DE83994725F2745700847B0C = {
						CreatedOnToolsVersion = 12.4;
					};
				};
			};
			buildConfigurationList = DE83994325F2745700847B0C /* Build configuration list for PBXProject "ColorKit" */;
			compatibilityVersion = "Xcode 9.3";
			developmentRegion = en;
			hasScannedForEncodings = 0;
			knownRegions = (
				en,
				Base,
			);
			mainGroup = DE83993F25F2745700847B0C;
			productRefGroup = DE83994925F2745700847B0C /* Products */;
			projectDirPath = "";
			projectRoot = "";
			targets = (
				DE83994725F2745700847B0C /* ColorKit */,
			);
		};
/* End PBXProject section */

/* Begin PBXResourcesBuildPhase section */
		DE83994625F2745700847B0C /* Resources */ = {
			isa = PBXResourcesBuildPhase;
			buildActionMask = 2147483647;
			files = (
				DE83995825F2745900847B0C /* LaunchScreen.storyboard in Resources */,
				DE83995525F2745900847B0C /* Assets.xcassets in Resources */,
			);
			runOnlyForDeploymentPostprocessing = 0;
		};
/* End PBXResourcesBuildPhase section */

/* Begin PBXShellScriptBuildPhase section */
		94449EA993A63CA2968AA390 /* [CP] Check Pods Manifest.lock */ = {
			isa = PBXShellScriptBuildPhase;
			buildActionMask = 2147483647;
			files = (
			);
			inputFileListPaths = (
			);
			inputPaths = (
				"${PODS_PODFILE_DIR_PATH}/Podfile.lock",
				"${PODS_ROOT}/Manifest.lock",
			);
			name = "[CP] Check Pods Manifest.lock";
			outputFileListPaths = (
			);
			outputPaths = (
				"$(DERIVED_FILE_DIR)/Pods-ColorKit-checkManifestLockResult.txt",
			);
			runOnlyForDeploymentPostprocessing = 0;
			shellPath = /bin/sh;
			shellScript = "diff \"${PODS_PODFILE_DIR_PATH}/Podfile.lock\" \"${PODS_ROOT}/Manifest.lock\" > /dev/null\nif [ $? != 0 ] ; then\n    # print error to STDERR\n    echo \"error: The sandbox is not in sync with the Podfile.lock. Run 'pod install' or update your CocoaPods installation.\" >&2\n    exit 1\nfi\n# This output is used by Xcode 'outputs' to avoid re-running this script phase.\necho \"SUCCESS\" > \"${SCRIPT_OUTPUT_FILE_0}\"\n";
			showEnvVarsInLog = 0;
		};
		CA8E7F1D3407B1F99CA458CC /* [CP] Embed Pods Frameworks */ = {
			isa = PBXShellScriptBuildPhase;
			buildActionMask = 2147483647;
			files = (
			);
			inputFileListPaths = (
				"${PODS_ROOT}/Target Support Files/Pods-ColorKit/Pods-ColorKit-frameworks-${CONFIGURATION}-input-files.xcfilelist",
			);
			name = "[CP] Embed Pods Frameworks";
			outputFileListPaths = (
				"${PODS_ROOT}/Target Support Files/Pods-ColorKit/Pods-ColorKit-frameworks-${CONFIGURATION}-output-files.xcfilelist",
			);
			runOnlyForDeploymentPostprocessing = 0;
			shellPath = /bin/sh;
			shellScript = "\"${PODS_ROOT}/Target Support Files/Pods-ColorKit/Pods-ColorKit-frameworks.sh\"\n";
			showEnvVarsInLog = 0;
		};
		DEC387FD25F3DC5B001DD684 /* Run Script */ = {
			isa = PBXShellScriptBuildPhase;
			buildActionMask = 2147483647;
			files = (
			);
			inputFileListPaths = (
			);
			inputPaths = (
			);
			name = "Run Script";
			outputFileListPaths = (
			);
			outputPaths = (
			);
			runOnlyForDeploymentPostprocessing = 0;
			shellPath = /bin/sh;
			shellScript = "${PODS_ROOT}/SwiftLint/swiftlint\n";
		};
/* End PBXShellScriptBuildPhase section */

/* Begin PBXSourcesBuildPhase section */
		DE83994425F2745700847B0C /* Sources */ = {
			isa = PBXSourcesBuildPhase;
			buildActionMask = 2147483647;
			files = (
				DEECF60525F3B1B000001569 /* Dependencies.swift in Sources */,
				DEE1E03125F2800300B0129B /* CollectionView.swift in Sources */,
				DEDF3D6E25F41A7500F3A34F /* Localization.swift in Sources */,
				DEECF61325F3B35C00001569 /* ModuleFactoryImpl.swift in Sources */,
				DEECF61625F3B3E800001569 /* PhotoLibraryModule.swift in Sources */,
				DEDF3D6B25F41A0500F3A34F /* Images.swift in Sources */,
				DEECF60925F3B1C100001569 /* DependenciesImpl.swift in Sources */,
				DEECF5FB25F3AF0600001569 /* FlowHolder.swift in Sources */,
				DE83995025F2745700847B0C /* PhotoLibraryController.swift in Sources */,
				DEECF5EB25F3AA7100001569 /* View.swift in Sources */,
				DEDF3D7725F4216900F3A34F /* Optional.swift in Sources */,
				DE83997825F27E1F00847B0C /* PhotoLibraryModel.swift in Sources */,
				DEE1E02825F27FA100B0129B /* PhotoPreviewCell.swift in Sources */,
				DEECF5F725F3AEE600001569 /* Flow.swift in Sources */,
				DEE1E03A25F38EAB00B0129B /* SizeAnimatableView.swift in Sources */,
				DEECF5FE25F3AFE900001569 /* Coordinator.swift in Sources */,
				DEDF3D7B25F4B1B700F3A34F /* PhotoRepository.swift in Sources */,
				DEDF3D7125F41D5000F3A34F /* Fillable.swift in Sources */,
				DEECF60F25F3B33900001569 /* ModuleFactory.swift in Sources */,
				DEF549C425F3BCE000E47918 /* FlowFactory.swift in Sources */,
				DEE1E02D25F27FF600B0129B /* Array.swift in Sources */,
				DEF549BA25F3BBEC00E47918 /* MainFlow.swift in Sources */,
				DEECF5F225F3ABB400001569 /* Router.swift in Sources */,
				DEECF61925F3B6D700001569 /* PhotoLibraryPresenterImpl.swift in Sources */,
				DEDF3D7E25F4B20300F3A34F /* MockService.swift in Sources */,
				DEECF5EF25F3AAB800001569 /* Presenter.swift in Sources */,
				DEF549BE25F3BC3900E47918 /* MainFlowNavigationController.swift in Sources */,
				DEF549C125F3BC7B00E47918 /* MainFlowCoordinator.swift in Sources */,
				DE83994C25F2745700847B0C /* AppDelegate.swift in Sources */,
				DEF549C725F3BCFA00E47918 /* FlowFactoryImpl.swift in Sources */,
				DEECF60125F3B0AC00001569 /* FlowNavigationController.swift in Sources */,
			);
			runOnlyForDeploymentPostprocessing = 0;
		};
/* End PBXSourcesBuildPhase section */

/* Begin PBXVariantGroup section */
		DE83995625F2745900847B0C /* LaunchScreen.storyboard */ = {
			isa = PBXVariantGroup;
			children = (
				DE83995725F2745900847B0C /* Base */,
			);
			name = LaunchScreen.storyboard;
			sourceTree = "<group>";
		};
/* End PBXVariantGroup section */

/* Begin XCBuildConfiguration section */
		DE83995A25F2745900847B0C /* Debug */ = {
			isa = XCBuildConfiguration;
			buildSettings = {
				ALWAYS_SEARCH_USER_PATHS = NO;
				CLANG_ANALYZER_NONNULL = YES;
				CLANG_ANALYZER_NUMBER_OBJECT_CONVERSION = YES_AGGRESSIVE;
				CLANG_CXX_LANGUAGE_STANDARD = "gnu++14";
				CLANG_CXX_LIBRARY = "libc++";
				CLANG_ENABLE_MODULES = YES;
				CLANG_ENABLE_OBJC_ARC = YES;
				CLANG_ENABLE_OBJC_WEAK = YES;
				CLANG_WARN_BLOCK_CAPTURE_AUTORELEASING = YES;
				CLANG_WARN_BOOL_CONVERSION = YES;
				CLANG_WARN_COMMA = YES;
				CLANG_WARN_CONSTANT_CONVERSION = YES;
				CLANG_WARN_DEPRECATED_OBJC_IMPLEMENTATIONS = YES;
				CLANG_WARN_DIRECT_OBJC_ISA_USAGE = YES_ERROR;
				CLANG_WARN_DOCUMENTATION_COMMENTS = YES;
				CLANG_WARN_EMPTY_BODY = YES;
				CLANG_WARN_ENUM_CONVERSION = YES;
				CLANG_WARN_INFINITE_RECURSION = YES;
				CLANG_WARN_INT_CONVERSION = YES;
				CLANG_WARN_NON_LITERAL_NULL_CONVERSION = YES;
				CLANG_WARN_OBJC_IMPLICIT_RETAIN_SELF = YES;
				CLANG_WARN_OBJC_LITERAL_CONVERSION = YES;
				CLANG_WARN_OBJC_ROOT_CLASS = YES_ERROR;
				CLANG_WARN_QUOTED_INCLUDE_IN_FRAMEWORK_HEADER = YES;
				CLANG_WARN_RANGE_LOOP_ANALYSIS = YES;
				CLANG_WARN_STRICT_PROTOTYPES = YES;
				CLANG_WARN_SUSPICIOUS_MOVE = YES;
				CLANG_WARN_UNGUARDED_AVAILABILITY = YES_AGGRESSIVE;
				CLANG_WARN_UNREACHABLE_CODE = YES;
				CLANG_WARN__DUPLICATE_METHOD_MATCH = YES;
				COPY_PHASE_STRIP = NO;
				DEBUG_INFORMATION_FORMAT = dwarf;
				ENABLE_STRICT_OBJC_MSGSEND = YES;
				ENABLE_TESTABILITY = YES;
				GCC_C_LANGUAGE_STANDARD = gnu11;
				GCC_DYNAMIC_NO_PIC = NO;
				GCC_NO_COMMON_BLOCKS = YES;
				GCC_OPTIMIZATION_LEVEL = 0;
				GCC_PREPROCESSOR_DEFINITIONS = (
					"DEBUG=1",
					"$(inherited)",
				);
				GCC_WARN_64_TO_32_BIT_CONVERSION = YES;
				GCC_WARN_ABOUT_RETURN_TYPE = YES_ERROR;
				GCC_WARN_UNDECLARED_SELECTOR = YES;
				GCC_WARN_UNINITIALIZED_AUTOS = YES_AGGRESSIVE;
				GCC_WARN_UNUSED_FUNCTION = YES;
				GCC_WARN_UNUSED_VARIABLE = YES;
				IPHONEOS_DEPLOYMENT_TARGET = 11.0;
				MTL_ENABLE_DEBUG_INFO = INCLUDE_SOURCE;
				MTL_FAST_MATH = YES;
				ONLY_ACTIVE_ARCH = YES;
				SDKROOT = iphoneos;
				SWIFT_ACTIVE_COMPILATION_CONDITIONS = DEBUG;
				SWIFT_OPTIMIZATION_LEVEL = "-Onone";
			};
			name = Debug;
		};
		DE83995B25F2745900847B0C /* Release */ = {
			isa = XCBuildConfiguration;
			buildSettings = {
				ALWAYS_SEARCH_USER_PATHS = NO;
				CLANG_ANALYZER_NONNULL = YES;
				CLANG_ANALYZER_NUMBER_OBJECT_CONVERSION = YES_AGGRESSIVE;
				CLANG_CXX_LANGUAGE_STANDARD = "gnu++14";
				CLANG_CXX_LIBRARY = "libc++";
				CLANG_ENABLE_MODULES = YES;
				CLANG_ENABLE_OBJC_ARC = YES;
				CLANG_ENABLE_OBJC_WEAK = YES;
				CLANG_WARN_BLOCK_CAPTURE_AUTORELEASING = YES;
				CLANG_WARN_BOOL_CONVERSION = YES;
				CLANG_WARN_COMMA = YES;
				CLANG_WARN_CONSTANT_CONVERSION = YES;
				CLANG_WARN_DEPRECATED_OBJC_IMPLEMENTATIONS = YES;
				CLANG_WARN_DIRECT_OBJC_ISA_USAGE = YES_ERROR;
				CLANG_WARN_DOCUMENTATION_COMMENTS = YES;
				CLANG_WARN_EMPTY_BODY = YES;
				CLANG_WARN_ENUM_CONVERSION = YES;
				CLANG_WARN_INFINITE_RECURSION = YES;
				CLANG_WARN_INT_CONVERSION = YES;
				CLANG_WARN_NON_LITERAL_NULL_CONVERSION = YES;
				CLANG_WARN_OBJC_IMPLICIT_RETAIN_SELF = YES;
				CLANG_WARN_OBJC_LITERAL_CONVERSION = YES;
				CLANG_WARN_OBJC_ROOT_CLASS = YES_ERROR;
				CLANG_WARN_QUOTED_INCLUDE_IN_FRAMEWORK_HEADER = YES;
				CLANG_WARN_RANGE_LOOP_ANALYSIS = YES;
				CLANG_WARN_STRICT_PROTOTYPES = YES;
				CLANG_WARN_SUSPICIOUS_MOVE = YES;
				CLANG_WARN_UNGUARDED_AVAILABILITY = YES_AGGRESSIVE;
				CLANG_WARN_UNREACHABLE_CODE = YES;
				CLANG_WARN__DUPLICATE_METHOD_MATCH = YES;
				COPY_PHASE_STRIP = NO;
				DEBUG_INFORMATION_FORMAT = "dwarf-with-dsym";
				ENABLE_NS_ASSERTIONS = NO;
				ENABLE_STRICT_OBJC_MSGSEND = YES;
				GCC_C_LANGUAGE_STANDARD = gnu11;
				GCC_NO_COMMON_BLOCKS = YES;
				GCC_WARN_64_TO_32_BIT_CONVERSION = YES;
				GCC_WARN_ABOUT_RETURN_TYPE = YES_ERROR;
				GCC_WARN_UNDECLARED_SELECTOR = YES;
				GCC_WARN_UNINITIALIZED_AUTOS = YES_AGGRESSIVE;
				GCC_WARN_UNUSED_FUNCTION = YES;
				GCC_WARN_UNUSED_VARIABLE = YES;
				IPHONEOS_DEPLOYMENT_TARGET = 11.0;
				MTL_ENABLE_DEBUG_INFO = NO;
				MTL_FAST_MATH = YES;
				SDKROOT = iphoneos;
				SWIFT_COMPILATION_MODE = wholemodule;
				SWIFT_OPTIMIZATION_LEVEL = "-O";
				VALIDATE_PRODUCT = YES;
			};
			name = Release;
		};
		DE83995D25F2745900847B0C /* Debug */ = {
			isa = XCBuildConfiguration;
			baseConfigurationReference = 5DE62A7FCC5CBFA86E938296 /* Pods-ColorKit.debug.xcconfig */;
			buildSettings = {
				ASSETCATALOG_COMPILER_APPICON_NAME = AppIcon;
				ASSETCATALOG_COMPILER_GLOBAL_ACCENT_COLOR_NAME = AccentColor;
				CODE_SIGN_IDENTITY = "Apple Development";
				CODE_SIGN_STYLE = Automatic;
				DEVELOPMENT_TEAM = J468ZV6D4V;
				INFOPLIST_FILE = ColorKit/Info.plist;
				IPHONEOS_DEPLOYMENT_TARGET = 11.0;
				LD_RUNPATH_SEARCH_PATHS = (
					"$(inherited)",
					"@executable_path/Frameworks",
				);
				PRODUCT_BUNDLE_IDENTIFIER = akh.ColorKit;
				PRODUCT_NAME = "$(TARGET_NAME)";
				PROVISIONING_PROFILE_SPECIFIER = "";
				SWIFT_VERSION = 5.0;
				TARGETED_DEVICE_FAMILY = 1;
			};
			name = Debug;
		};
		DE83995E25F2745900847B0C /* Release */ = {
			isa = XCBuildConfiguration;
			baseConfigurationReference = E949924C8D2174DD79079545 /* Pods-ColorKit.release.xcconfig */;
			buildSettings = {
				ASSETCATALOG_COMPILER_APPICON_NAME = AppIcon;
				ASSETCATALOG_COMPILER_GLOBAL_ACCENT_COLOR_NAME = AccentColor;
				CODE_SIGN_IDENTITY = "Apple Development";
				CODE_SIGN_STYLE = Automatic;
				DEVELOPMENT_TEAM = J468ZV6D4V;
				INFOPLIST_FILE = ColorKit/Info.plist;
				IPHONEOS_DEPLOYMENT_TARGET = 11.0;
				LD_RUNPATH_SEARCH_PATHS = (
					"$(inherited)",
					"@executable_path/Frameworks",
				);
				PRODUCT_BUNDLE_IDENTIFIER = akh.ColorKit;
				PRODUCT_NAME = "$(TARGET_NAME)";
				PROVISIONING_PROFILE_SPECIFIER = "";
				SWIFT_VERSION = 5.0;
				TARGETED_DEVICE_FAMILY = 1;
			};
			name = Release;
		};
/* End XCBuildConfiguration section */

/* Begin XCConfigurationList section */
		DE83994325F2745700847B0C /* Build configuration list for PBXProject "ColorKit" */ = {
			isa = XCConfigurationList;
			buildConfigurations = (
				DE83995A25F2745900847B0C /* Debug */,
				DE83995B25F2745900847B0C /* Release */,
			);
			defaultConfigurationIsVisible = 0;
			defaultConfigurationName = Release;
		};
		DE83995C25F2745900847B0C /* Build configuration list for PBXNativeTarget "ColorKit" */ = {
			isa = XCConfigurationList;
			buildConfigurations = (
				DE83995D25F2745900847B0C /* Debug */,
				DE83995E25F2745900847B0C /* Release */,
			);
			defaultConfigurationIsVisible = 0;
			defaultConfigurationName = Release;
		};
/* End XCConfigurationList section */
	};
	rootObject = DE83994025F2745700847B0C /* Project object */;
}
